{
  "name": "js_final",
  "lockfileVersion": 2,
  "requires": true,
  "packages": {
    "": {
      "dependencies": {
        "sweet": "^0.1.1"
      }
    },
    "node_modules/sweet": {
      "version": "0.1.1",
      "resolved": "https://registry.npmjs.org/sweet/-/sweet-0.1.1.tgz",
      "integrity": "sha512-tS8ngNgHs2zhQBebysj0YLCbsh5NEeODpDP6liwG2AhpIE4/WXEaOCI6wmq6uuLPQCAYhdA63YBc0mpQarm5xQ==",
      "engines": {
        "node": ">=0.4.0"
      }
    }
  },
  "dependencies": {
    "sweet": {
      "version": "0.1.1",
      "resolved": "https://registry.npmjs.org/sweet/-/sweet-0.1.1.tgz",
      "integrity": "sha512-tS8ngNgHs2zhQBebysj0YLCbsh5NEeODpDP6liwG2AhpIE4/WXEaOCI6wmq6uuLPQCAYhdA63YBc0mpQarm5xQ=="
    }
  }
}
